
Microsoft Visual Studio Solution File, Format Version 12.00
# Visual Studio 15
VisualStudioVersion = 15.0.26124.0
MinimumVisualStudioVersion = 15.0.26124.0
Project("{2150E333-8FDC-42A3-9474-1A3956D46DE8}") = "src", "src", "{C397A34C-84F1-49E7-AEBC-2F9F2B196216}"
EndProject
Project("{F2A71F9B-5D33-465A-A702-920D77279786}") = "FsLibLog", "src\FsLibLog\FsLibLog.fsproj", "{5D30E174-2538-47AC-8443-318C8C5DC2C9}"
EndProject
Project("{2150E333-8FDC-42A3-9474-1A3956D46DE8}") = "tests", "tests", "{ACBEE43C-7A88-4FB1-9B06-DB064D22B29F}"
EndProject
Project("{F2A71F9B-5D33-465A-A702-920D77279786}") = "FsLibLog.Tests", "tests\FsLibLog.Tests\FsLibLog.Tests.fsproj", "{1CA2E092-2320-451D-A4F0-9ED7C7C528CA}"
EndProject
Project("{2150E333-8FDC-42A3-9474-1A3956D46DE8}") = "adapters", "adapters", "{71C9F558-4F13-48EB-83D2-F140618F7CF0}"
EndProject
Project("{F2A71F9B-5D33-465A-A702-920D77279786}") = "FsLibLog.Adapters.Npgsql", "adapters\FsLibLog.Adapters.Npgsql\FsLibLog.Adapters.Npgsql.fsproj", "{428BFBE6-63E1-41A7-ABC1-8B22E2BA6259}"
EndProject
Project("{F2A71F9B-5D33-465A-A702-920D77279786}") = "FsLibLog.Adapters.Marten", "adapters\FsLibLog.Adapters.Marten\FsLibLog.Adapters.Marten.fsproj", "{4572B725-3DB7-4010-BF26-F140A6117839}"
EndProject
Project("{2150E333-8FDC-42A3-9474-1A3956D46DE8}") = "examples", "examples", "{9BAA7731-9F1B-4B89-8AD8-DB546D7E816D}"
EndProject
Project("{F2A71F9B-5D33-465A-A702-920D77279786}") = "ConsoleExample", "examples\ConsoleExample\ConsoleExample.fsproj", "{BDF041F1-D693-4BCE-9741-C9606E901437}"
EndProject
Project("{F2A71F9B-5D33-465A-A702-920D77279786}") = "SerilogExample", "examples\SerilogExample\SerilogExample.fsproj", "{916E3A28-4E3D-4931-A13B-9B56E0B66B88}"
EndProject
Project("{F2A71F9B-5D33-465A-A702-920D77279786}") = "SomeLib", "examples\SomeLib\SomeLib.fsproj", "{B4E33887-2856-4809-B185-A80C9B093427}"
EndProject
Project("{F2A71F9B-5D33-465A-A702-920D77279786}") = "MicrosoftLoggingExample", "examples\MicrosoftLoggingExample\MicrosoftLoggingExample.fsproj", "{49CFCA86-7F76-4361-80A3-F67EF8763D9B}"
EndProject
Global
	GlobalSection(SolutionConfigurationPlatforms) = preSolution
		Debug|Any CPU = Debug|Any CPU
		Debug|x64 = Debug|x64
		Debug|x86 = Debug|x86
		Release|Any CPU = Release|Any CPU
		Release|x64 = Release|x64
		Release|x86 = Release|x86
	EndGlobalSection
	GlobalSection(SolutionProperties) = preSolution
		HideSolutionNode = FALSE
	EndGlobalSection
	GlobalSection(ProjectConfigurationPlatforms) = postSolution
		{5D30E174-2538-47AC-8443-318C8C5DC2C9}.Debug|Any CPU.ActiveCfg = Debug|Any CPU
		{5D30E174-2538-47AC-8443-318C8C5DC2C9}.Debug|Any CPU.Build.0 = Debug|Any CPU
		{5D30E174-2538-47AC-8443-318C8C5DC2C9}.Debug|x64.ActiveCfg = Debug|x64
		{5D30E174-2538-47AC-8443-318C8C5DC2C9}.Debug|x64.Build.0 = Debug|x64
		{5D30E174-2538-47AC-8443-318C8C5DC2C9}.Debug|x86.ActiveCfg = Debug|x86
		{5D30E174-2538-47AC-8443-318C8C5DC2C9}.Debug|x86.Build.0 = Debug|x86
		{5D30E174-2538-47AC-8443-318C8C5DC2C9}.Release|Any CPU.ActiveCfg = Release|Any CPU
		{5D30E174-2538-47AC-8443-318C8C5DC2C9}.Release|Any CPU.Build.0 = Release|Any CPU
		{5D30E174-2538-47AC-8443-318C8C5DC2C9}.Release|x64.ActiveCfg = Release|x64
		{5D30E174-2538-47AC-8443-318C8C5DC2C9}.Release|x64.Build.0 = Release|x64
		{5D30E174-2538-47AC-8443-318C8C5DC2C9}.Release|x86.ActiveCfg = Release|x86
		{5D30E174-2538-47AC-8443-318C8C5DC2C9}.Release|x86.Build.0 = Release|x86
		{1CA2E092-2320-451D-A4F0-9ED7C7C528CA}.Debug|Any CPU.ActiveCfg = Debug|Any CPU
		{1CA2E092-2320-451D-A4F0-9ED7C7C528CA}.Debug|Any CPU.Build.0 = Debug|Any CPU
		{1CA2E092-2320-451D-A4F0-9ED7C7C528CA}.Debug|x64.ActiveCfg = Debug|x64
		{1CA2E092-2320-451D-A4F0-9ED7C7C528CA}.Debug|x64.Build.0 = Debug|x64
		{1CA2E092-2320-451D-A4F0-9ED7C7C528CA}.Debug|x86.ActiveCfg = Debug|x86
		{1CA2E092-2320-451D-A4F0-9ED7C7C528CA}.Debug|x86.Build.0 = Debug|x86
		{1CA2E092-2320-451D-A4F0-9ED7C7C528CA}.Release|Any CPU.ActiveCfg = Release|Any CPU
		{1CA2E092-2320-451D-A4F0-9ED7C7C528CA}.Release|Any CPU.Build.0 = Release|Any CPU
		{1CA2E092-2320-451D-A4F0-9ED7C7C528CA}.Release|x64.ActiveCfg = Release|x64
		{1CA2E092-2320-451D-A4F0-9ED7C7C528CA}.Release|x64.Build.0 = Release|x64
		{1CA2E092-2320-451D-A4F0-9ED7C7C528CA}.Release|x86.ActiveCfg = Release|x86
		{1CA2E092-2320-451D-A4F0-9ED7C7C528CA}.Release|x86.Build.0 = Release|x86
		{428BFBE6-63E1-41A7-ABC1-8B22E2BA6259}.Debug|Any CPU.ActiveCfg = Debug|Any CPU
		{428BFBE6-63E1-41A7-ABC1-8B22E2BA6259}.Debug|Any CPU.Build.0 = Debug|Any CPU
		{428BFBE6-63E1-41A7-ABC1-8B22E2BA6259}.Debug|x64.ActiveCfg = Debug|Any CPU
		{428BFBE6-63E1-41A7-ABC1-8B22E2BA6259}.Debug|x64.Build.0 = Debug|Any CPU
		{428BFBE6-63E1-41A7-ABC1-8B22E2BA6259}.Debug|x86.ActiveCfg = Debug|Any CPU
		{428BFBE6-63E1-41A7-ABC1-8B22E2BA6259}.Debug|x86.Build.0 = Debug|Any CPU
		{428BFBE6-63E1-41A7-ABC1-8B22E2BA6259}.Release|Any CPU.ActiveCfg = Release|Any CPU
		{428BFBE6-63E1-41A7-ABC1-8B22E2BA6259}.Release|Any CPU.Build.0 = Release|Any CPU
		{428BFBE6-63E1-41A7-ABC1-8B22E2BA6259}.Release|x64.ActiveCfg = Release|Any CPU
		{428BFBE6-63E1-41A7-ABC1-8B22E2BA6259}.Release|x64.Build.0 = Release|Any CPU
		{428BFBE6-63E1-41A7-ABC1-8B22E2BA6259}.Release|x86.ActiveCfg = Release|Any CPU
		{428BFBE6-63E1-41A7-ABC1-8B22E2BA6259}.Release|x86.Build.0 = Release|Any CPU
		{4572B725-3DB7-4010-BF26-F140A6117839}.Debug|Any CPU.ActiveCfg = Debug|Any CPU
		{4572B725-3DB7-4010-BF26-F140A6117839}.Debug|Any CPU.Build.0 = Debug|Any CPU
		{4572B725-3DB7-4010-BF26-F140A6117839}.Debug|x64.ActiveCfg = Debug|Any CPU
		{4572B725-3DB7-4010-BF26-F140A6117839}.Debug|x64.Build.0 = Debug|Any CPU
		{4572B725-3DB7-4010-BF26-F140A6117839}.Debug|x86.ActiveCfg = Debug|Any CPU
		{4572B725-3DB7-4010-BF26-F140A6117839}.Debug|x86.Build.0 = Debug|Any CPU
		{4572B725-3DB7-4010-BF26-F140A6117839}.Release|Any CPU.ActiveCfg = Release|Any CPU
		{4572B725-3DB7-4010-BF26-F140A6117839}.Release|Any CPU.Build.0 = Release|Any CPU
		{4572B725-3DB7-4010-BF26-F140A6117839}.Release|x64.ActiveCfg = Release|Any CPU
		{4572B725-3DB7-4010-BF26-F140A6117839}.Release|x64.Build.0 = Release|Any CPU
		{4572B725-3DB7-4010-BF26-F140A6117839}.Release|x86.ActiveCfg = Release|Any CPU
		{4572B725-3DB7-4010-BF26-F140A6117839}.Release|x86.Build.0 = Release|Any CPU
		{BDF041F1-D693-4BCE-9741-C9606E901437}.Debug|Any CPU.ActiveCfg = Debug|Any CPU
		{BDF041F1-D693-4BCE-9741-C9606E901437}.Debug|Any CPU.Build.0 = Debug|Any CPU
		{BDF041F1-D693-4BCE-9741-C9606E901437}.Debug|x64.ActiveCfg = Debug|Any CPU
		{BDF041F1-D693-4BCE-9741-C9606E901437}.Debug|x64.Build.0 = Debug|Any CPU
		{BDF041F1-D693-4BCE-9741-C9606E901437}.Debug|x86.ActiveCfg = Debug|Any CPU
		{BDF041F1-D693-4BCE-9741-C9606E901437}.Debug|x86.Build.0 = Debug|Any CPU
		{BDF041F1-D693-4BCE-9741-C9606E901437}.Release|Any CPU.ActiveCfg = Release|Any CPU
		{BDF041F1-D693-4BCE-9741-C9606E901437}.Release|Any CPU.Build.0 = Release|Any CPU
		{BDF041F1-D693-4BCE-9741-C9606E901437}.Release|x64.ActiveCfg = Release|Any CPU
		{BDF041F1-D693-4BCE-9741-C9606E901437}.Release|x64.Build.0 = Release|Any CPU
		{BDF041F1-D693-4BCE-9741-C9606E901437}.Release|x86.ActiveCfg = Release|Any CPU
		{BDF041F1-D693-4BCE-9741-C9606E901437}.Release|x86.Build.0 = Release|Any CPU
		{916E3A28-4E3D-4931-A13B-9B56E0B66B88}.Debug|Any CPU.ActiveCfg = Debug|Any CPU
		{916E3A28-4E3D-4931-A13B-9B56E0B66B88}.Debug|Any CPU.Build.0 = Debug|Any CPU
		{916E3A28-4E3D-4931-A13B-9B56E0B66B88}.Debug|x64.ActiveCfg = Debug|Any CPU
		{916E3A28-4E3D-4931-A13B-9B56E0B66B88}.Debug|x64.Build.0 = Debug|Any CPU
		{916E3A28-4E3D-4931-A13B-9B56E0B66B88}.Debug|x86.ActiveCfg = Debug|Any CPU
		{916E3A28-4E3D-4931-A13B-9B56E0B66B88}.Debug|x86.Build.0 = Debug|Any CPU
		{916E3A28-4E3D-4931-A13B-9B56E0B66B88}.Release|Any CPU.ActiveCfg = Release|Any CPU
		{916E3A28-4E3D-4931-A13B-9B56E0B66B88}.Release|Any CPU.Build.0 = Release|Any CPU
		{916E3A28-4E3D-4931-A13B-9B56E0B66B88}.Release|x64.ActiveCfg = Release|Any CPU
		{916E3A28-4E3D-4931-A13B-9B56E0B66B88}.Release|x64.Build.0 = Release|Any CPU
		{916E3A28-4E3D-4931-A13B-9B56E0B66B88}.Release|x86.ActiveCfg = Release|Any CPU
		{916E3A28-4E3D-4931-A13B-9B56E0B66B88}.Release|x86.Build.0 = Release|Any CPU
		{B4E33887-2856-4809-B185-A80C9B093427}.Debug|Any CPU.ActiveCfg = Debug|Any CPU
		{B4E33887-2856-4809-B185-A80C9B093427}.Debug|Any CPU.Build.0 = Debug|Any CPU
		{B4E33887-2856-4809-B185-A80C9B093427}.Debug|x64.ActiveCfg = Debug|Any CPU
		{B4E33887-2856-4809-B185-A80C9B093427}.Debug|x64.Build.0 = Debug|Any CPU
		{B4E33887-2856-4809-B185-A80C9B093427}.Debug|x86.ActiveCfg = Debug|Any CPU
		{B4E33887-2856-4809-B185-A80C9B093427}.Debug|x86.Build.0 = Debug|Any CPU
		{B4E33887-2856-4809-B185-A80C9B093427}.Release|Any CPU.ActiveCfg = Release|Any CPU
		{B4E33887-2856-4809-B185-A80C9B093427}.Release|Any CPU.Build.0 = Release|Any CPU
		{B4E33887-2856-4809-B185-A80C9B093427}.Release|x64.ActiveCfg = Release|Any CPU
		{B4E33887-2856-4809-B185-A80C9B093427}.Release|x64.Build.0 = Release|Any CPU
		{B4E33887-2856-4809-B185-A80C9B093427}.Release|x86.ActiveCfg = Release|Any CPU
		{B4E33887-2856-4809-B185-A80C9B093427}.Release|x86.Build.0 = Release|Any CPU
		{49CFCA86-7F76-4361-80A3-F67EF8763D9B}.Debug|Any CPU.ActiveCfg = Debug|Any CPU
		{49CFCA86-7F76-4361-80A3-F67EF8763D9B}.Debug|Any CPU.Build.0 = Debug|Any CPU
		{49CFCA86-7F76-4361-80A3-F67EF8763D9B}.Debug|x64.ActiveCfg = Debug|Any CPU
		{49CFCA86-7F76-4361-80A3-F67EF8763D9B}.Debug|x64.Build.0 = Debug|Any CPU
		{49CFCA86-7F76-4361-80A3-F67EF8763D9B}.Debug|x86.ActiveCfg = Debug|Any CPU
		{49CFCA86-7F76-4361-80A3-F67EF8763D9B}.Debug|x86.Build.0 = Debug|Any CPU
		{49CFCA86-7F76-4361-80A3-F67EF8763D9B}.Release|Any CPU.ActiveCfg = Release|Any CPU
		{49CFCA86-7F76-4361-80A3-F67EF8763D9B}.Release|Any CPU.Build.0 = Release|Any CPU
		{49CFCA86-7F76-4361-80A3-F67EF8763D9B}.Release|x64.ActiveCfg = Release|Any CPU
		{49CFCA86-7F76-4361-80A3-F67EF8763D9B}.Release|x64.Build.0 = Release|Any CPU
		{49CFCA86-7F76-4361-80A3-F67EF8763D9B}.Release|x86.ActiveCfg = Release|Any CPU
		{49CFCA86-7F76-4361-80A3-F67EF8763D9B}.Release|x86.Build.0 = Release|Any CPU
	EndGlobalSection
	GlobalSection(NestedProjects) = preSolution
		{5D30E174-2538-47AC-8443-318C8C5DC2C9} = {C397A34C-84F1-49E7-AEBC-2F9F2B196216}
		{1CA2E092-2320-451D-A4F0-9ED7C7C528CA} = {ACBEE43C-7A88-4FB1-9B06-DB064D22B29F}
		{428BFBE6-63E1-41A7-ABC1-8B22E2BA6259} = {71C9F558-4F13-48EB-83D2-F140618F7CF0}
		{4572B725-3DB7-4010-BF26-F140A6117839} = {71C9F558-4F13-48EB-83D2-F140618F7CF0}
		{BDF041F1-D693-4BCE-9741-C9606E901437} = {9BAA7731-9F1B-4B89-8AD8-DB546D7E816D}
		{916E3A28-4E3D-4931-A13B-9B56E0B66B88} = {9BAA7731-9F1B-4B89-8AD8-DB546D7E816D}
		{B4E33887-2856-4809-B185-A80C9B093427} = {9BAA7731-9F1B-4B89-8AD8-DB546D7E816D}
		{49CFCA86-7F76-4361-80A3-F67EF8763D9B} = {9BAA7731-9F1B-4B89-8AD8-DB546D7E816D}
	EndGlobalSection
EndGlobal
